
Microsoft Visual Studio Solution File, Format Version 12.00
# Visual Studio Version 16
VisualStudioVersion = 16.0.29324.140
MinimumVisualStudioVersion = 10.0.40219.1
Project("{FAE04EC0-301F-11D3-BF4B-00C04F79EFBC}") = "ConsoleApp9", "ConsoleApp9\ConsoleApp9.csproj", "{09B83CF9-8C46-430A-A3AA-371D5703FDEC}"
EndProject
Global
	GlobalSection(SolutionConfigurationPlatforms) = preSolution
		Debug|Any CPU = Debug|Any CPU
		Release|Any CPU = Release|Any CPU
	EndGlobalSection
	GlobalSection(ProjectConfigurationPlatforms) = postSolution
		{09B83CF9-8C46-430A-A3AA-371D5703FDEC}.Debug|Any CPU.ActiveCfg = Debug|Any CPU
		{09B83CF9-8C46-430A-A3AA-371D5703FDEC}.Debug|Any CPU.Build.0 = Debug|Any CPU
		{09B83CF9-8C46-430A-A3AA-371D5703FDEC}.Release|Any CPU.ActiveCfg = Release|Any CPU
		{09B83CF9-8C46-430A-A3AA-371D5703FDEC}.Release|Any CPU.Build.0 = Release|Any CPU
	EndGlobalSection
	GlobalSection(SolutionProperties) = preSolution
		HideSolutionNode = FALSE
	EndGlobalSection
	GlobalSection(ExtensibilityGlobals) = postSolution
		SolutionGuid = {0CE1AFC8-CCEA-42B8-BB61-9196ACEDD7E9}
	EndGlobalSection
EndGlobal
